
Microsoft Visual Studio Solution File, Format Version 12.00
# Visual Studio 15
VisualStudioVersion = 15.0.28010.2046
MinimumVisualStudioVersion = 10.0.40219.1
Project("{FAE04EC0-301F-11D3-BF4B-00C04F79EFBC}") = "OWLNotebook", "OWLNotebook\OWLNotebook.csproj", "{42ECDE22-C0FE-43C7-9BE4-08EC805EA876}"
EndProject
Global
	GlobalSection(SolutionConfigurationPlatforms) = preSolution
		Debug|Any CPU = Debug|Any CPU
		Release|Any CPU = Release|Any CPU
	EndGlobalSection
	GlobalSection(ProjectConfigurationPlatforms) = postSolution
		{42ECDE22-C0FE-43C7-9BE4-08EC805EA876}.Debug|Any CPU.ActiveCfg = Debug|Any CPU
		{42ECDE22-C0FE-43C7-9BE4-08EC805EA876}.Debug|Any CPU.Build.0 = Debug|Any CPU
		{42ECDE22-C0FE-43C7-9BE4-08EC805EA876}.Release|Any CPU.ActiveCfg = Release|Any CPU
		{42ECDE22-C0FE-43C7-9BE4-08EC805EA876}.Release|Any CPU.Build.0 = Release|Any CPU
	EndGlobalSection
	GlobalSection(SolutionProperties) = preSolution
		HideSolutionNode = FALSE
	EndGlobalSection
	GlobalSection(ExtensibilityGlobals) = postSolution
		SolutionGuid = {53F40D09-AD42-417D-A58E-5DBF46A5F001}
	EndGlobalSection
EndGlobal
